PODS:
  - Flutter (1.0.0)
  - shared_preferences_foundation (0.0.1):
    - Flutter
    - FlutterMacOS
  - unique_identifier (0.0.1):
    - Flutter

DEPENDENCIES:
  - Flutter (from `Flutter`)
  - shared_preferences_foundation (from `.symlinks/plugins/shared_preferences_foundation/darwin`)
  - unique_identifier (from `.symlinks/plugins/unique_identifier/ios`)

EXTERNAL SOURCES:
  Flutter:
    :path: Flutter
  shared_preferences_foundation:
    :path: ".symlinks/plugins/shared_preferences_foundation/darwin"
  unique_identifier:
    :path: ".symlinks/plugins/unique_identifier/ios"

SPEC CHECKSUMS:
  Flutter: cabc95a1d2626b1b06e7179b784ebcf0c0cde467
  shared_preferences_foundation: 9e1978ff2562383bd5676f64ec4e9aa8fa06a6f7
  unique_identifier: 759d781cf134d96de2161628a1d52014df19599c

PODFILE CHECKSUM: 198be3bdd0ca202819cd93d3dbee92cea9d303ab

COCOAPODS: 1.16.2
